PODS:
  - Alamofire (5.0.0-beta.4)
  - SwiftyJSON (4.3.0)

DEPENDENCIES:
  - Alamofire (~> 5.0.0-beta.3)
  - SwiftyJSON (~> 4.0)

SPEC REPOS:
  https://github.com/cocoapods/specs.git:
    - Alamofire
    - SwiftyJSON

SPEC CHECKSUMS:
  Alamofire: 6458d95477bc40adf10129f22c67cfb014162dc8
  SwiftyJSON: 6faa0040f8b59dead0ee07436cbf76b73c08fd08

PODFILE CHECKSUM: 99b552a6cc07d352500d5ac3592433d962b41cf4

COCOAPODS: 1.6.1
